
Microsoft Visual Studio Solution File, Format Version 12.00
# Visual Studio Version 16
VisualStudioVersion = 16.0.29728.190
MinimumVisualStudioVersion = 10.0.40219.1
Project("{FAE04EC0-301F-11D3-BF4B-00C04F79EFBC}") = "TranProgram2", "TranProgram2\TranProgram2.csproj", "{94509FD2-BA63-4A86-804C-50EB40740DB9}"
EndProject
Global
	GlobalSection(SolutionConfigurationPlatforms) = preSolution
		Debug|Any CPU = Debug|Any CPU
		Release|Any CPU = Release|Any CPU
	EndGlobalSection
	GlobalSection(ProjectConfigurationPlatforms) = postSolution
		{94509FD2-BA63-4A86-804C-50EB40740DB9}.Debug|Any CPU.ActiveCfg = Debug|Any CPU
		{94509FD2-BA63-4A86-804C-50EB40740DB9}.Debug|Any CPU.Build.0 = Debug|Any CPU
		{94509FD2-BA63-4A86-804C-50EB40740DB9}.Release|Any CPU.ActiveCfg = Release|Any CPU
		{94509FD2-BA63-4A86-804C-50EB40740DB9}.Release|Any CPU.Build.0 = Release|Any CPU
	EndGlobalSection
	GlobalSection(SolutionProperties) = preSolution
		HideSolutionNode = FALSE
	EndGlobalSection
	GlobalSection(ExtensibilityGlobals) = postSolution
		SolutionGuid = {EFE5E147-0D4E-4E5C-8565-DA726609D1ED}
	EndGlobalSection
EndGlobal
